
Microsoft Visual Studio Solution File, Format Version 12.00
# Visual Studio Version 17
VisualStudioVersion = 17.5.33424.131
MinimumVisualStudioVersion = 10.0.40219.1
Project("{9A19103F-16F7-4668-BE54-9A1E7A4F7556}") = "Leads-Manager", "Leads-Manager.csproj", "{DEDEF93D-98B5-4E3D-B830-E59E37FB5138}"
EndProject
Project("{9A19103F-16F7-4668-BE54-9A1E7A4F7556}") = "Leads.Application", "..\Leads.Application\Leads.Application.csproj", "{BEA934FC-C55D-4F70-91E5-5B3ED6EDBCC5}"
EndProject
Project("{9A19103F-16F7-4668-BE54-9A1E7A4F7556}") = "Leads.Domain", "..\Leads.Domain\Leads.Domain.csproj", "{BB4349DE-7E10-46D1-A3FB-1BC6BF395D14}"
EndProject
Project("{9A19103F-16F7-4668-BE54-9A1E7A4F7556}") = "Leads.Data", "..\Leads.Data\Leads.Data.csproj", "{AC4D2D34-7905-41A4-9397-08E73C318FF2}"
EndProject
Project("{9A19103F-16F7-4668-BE54-9A1E7A4F7556}") = "Leads.SharedKernel", "..\Leads.SharedKernel\Leads.SharedKernel.csproj", "{DF4D6918-CDFF-41EB-BE52-877921CAA9DD}"
EndProject
Global
	GlobalSection(SolutionConfigurationPlatforms) = preSolution
		Debug|Any CPU = Debug|Any CPU
		Release|Any CPU = Release|Any CPU
	EndGlobalSection
	GlobalSection(ProjectConfigurationPlatforms) = postSolution
		{DEDEF93D-98B5-4E3D-B830-E59E37FB5138}.Debug|Any CPU.ActiveCfg = Debug|Any CPU
		{DEDEF93D-98B5-4E3D-B830-E59E37FB5138}.Debug|Any CPU.Build.0 = Debug|Any CPU
		{DEDEF93D-98B5-4E3D-B830-E59E37FB5138}.Release|Any CPU.ActiveCfg = Release|Any CPU
		{DEDEF93D-98B5-4E3D-B830-E59E37FB5138}.Release|Any CPU.Build.0 = Release|Any CPU
		{BEA934FC-C55D-4F70-91E5-5B3ED6EDBCC5}.Debug|Any CPU.ActiveCfg = Debug|Any CPU
		{BEA934FC-C55D-4F70-91E5-5B3ED6EDBCC5}.Debug|Any CPU.Build.0 = Debug|Any CPU
		{BEA934FC-C55D-4F70-91E5-5B3ED6EDBCC5}.Release|Any CPU.ActiveCfg = Release|Any CPU
		{BEA934FC-C55D-4F70-91E5-5B3ED6EDBCC5}.Release|Any CPU.Build.0 = Release|Any CPU
		{BB4349DE-7E10-46D1-A3FB-1BC6BF395D14}.Debug|Any CPU.ActiveCfg = Debug|Any CPU
		{BB4349DE-7E10-46D1-A3FB-1BC6BF395D14}.Debug|Any CPU.Build.0 = Debug|Any CPU
		{BB4349DE-7E10-46D1-A3FB-1BC6BF395D14}.Release|Any CPU.ActiveCfg = Release|Any CPU
		{BB4349DE-7E10-46D1-A3FB-1BC6BF395D14}.Release|Any CPU.Build.0 = Release|Any CPU
		{AC4D2D34-7905-41A4-9397-08E73C318FF2}.Debug|Any CPU.ActiveCfg = Debug|Any CPU
		{AC4D2D34-7905-41A4-9397-08E73C318FF2}.Debug|Any CPU.Build.0 = Debug|Any CPU
		{AC4D2D34-7905-41A4-9397-08E73C318FF2}.Release|Any CPU.ActiveCfg = Release|Any CPU
		{AC4D2D34-7905-41A4-9397-08E73C318FF2}.Release|Any CPU.Build.0 = Release|Any CPU
		{DF4D6918-CDFF-41EB-BE52-877921CAA9DD}.Debug|Any CPU.ActiveCfg = Debug|Any CPU
		{DF4D6918-CDFF-41EB-BE52-877921CAA9DD}.Debug|Any CPU.Build.0 = Debug|Any CPU
		{DF4D6918-CDFF-41EB-BE52-877921CAA9DD}.Release|Any CPU.ActiveCfg = Release|Any CPU
		{DF4D6918-CDFF-41EB-BE52-877921CAA9DD}.Release|Any CPU.Build.0 = Release|Any CPU
	EndGlobalSection
	GlobalSection(SolutionProperties) = preSolution
		HideSolutionNode = FALSE
	EndGlobalSection
	GlobalSection(ExtensibilityGlobals) = postSolution
		SolutionGuid = {601013B3-44BC-4364-BF77-F87E4469BFA1}
	EndGlobalSection
EndGlobal
